
Microsoft Visual Studio Solution File, Format Version 12.00
# Visual Studio Version 17
VisualStudioVersion = 17.11.35327.3
MinimumVisualStudioVersion = 10.0.40219.1
Project("{FAE04EC0-301F-11D3-BF4B-00C04F79EFBC}") = "AdventOfCode2024", "AdventOfCode2024\AdventOfCode2024.csproj", "{DE1715E8-203F-4FB7-A8F5-07334C9EED1A}"
EndProject
Global
	GlobalSection(SolutionConfigurationPlatforms) = preSolution
		Debug|Any CPU = Debug|Any CPU
		Release|Any CPU = Release|Any CPU
	EndGlobalSection
	GlobalSection(ProjectConfigurationPlatforms) = postSolution
		{DE1715E8-203F-4FB7-A8F5-07334C9EED1A}.Debug|Any CPU.ActiveCfg = Debug|Any CPU
		{DE1715E8-203F-4FB7-A8F5-07334C9EED1A}.Debug|Any CPU.Build.0 = Debug|Any CPU
		{DE1715E8-203F-4FB7-A8F5-07334C9EED1A}.Release|Any CPU.ActiveCfg = Release|Any CPU
		{DE1715E8-203F-4FB7-A8F5-07334C9EED1A}.Release|Any CPU.Build.0 = Release|Any CPU
	EndGlobalSection
	GlobalSection(SolutionProperties) = preSolution
		HideSolutionNode = FALSE
	EndGlobalSection
	GlobalSection(ExtensibilityGlobals) = postSolution
		SolutionGuid = {D55053FE-5020-4E32-8B1C-A07892D11EA1}
	EndGlobalSection
EndGlobal
